
Microsoft Visual Studio Solution File, Format Version 12.00
# Visual Studio Version 17
VisualStudioVersion = 17.14.36429.23 d17.14
MinimumVisualStudioVersion = 10.0.40219.1
Project("{FAE04EC0-301F-11D3-BF4B-00C04F79EFBC}") = "SIGEP-ProyectoFinal", "SIGEP-ProyectoFinal\SIGEP-ProyectoFinal.csproj", "{C95D2774-8486-4FB9-8B51-552DCD0C390D}"
EndProject
Project("{FAE04EC0-301F-11D3-BF4B-00C04F79EFBC}") = "SIGEP-API", "SIGEP-API\SIGEP-API.csproj", "{083171A9-3DE9-4E36-8995-1519A09C1D3D}"
EndProject
Global
	GlobalSection(SolutionConfigurationPlatforms) = preSolution
		Debug|Any CPU = Debug|Any CPU
		Release|Any CPU = Release|Any CPU
	EndGlobalSection
	GlobalSection(ProjectConfigurationPlatforms) = postSolution
		{C95D2774-8486-4FB9-8B51-552DCD0C390D}.Debug|Any CPU.ActiveCfg = Debug|Any CPU
		{C95D2774-8486-4FB9-8B51-552DCD0C390D}.Debug|Any CPU.Build.0 = Debug|Any CPU
		{C95D2774-8486-4FB9-8B51-552DCD0C390D}.Release|Any CPU.ActiveCfg = Release|Any CPU
		{C95D2774-8486-4FB9-8B51-552DCD0C390D}.Release|Any CPU.Build.0 = Release|Any CPU
		{083171A9-3DE9-4E36-8995-1519A09C1D3D}.Debug|Any CPU.ActiveCfg = Debug|Any CPU
		{083171A9-3DE9-4E36-8995-1519A09C1D3D}.Debug|Any CPU.Build.0 = Debug|Any CPU
		{083171A9-3DE9-4E36-8995-1519A09C1D3D}.Release|Any CPU.ActiveCfg = Release|Any CPU
		{083171A9-3DE9-4E36-8995-1519A09C1D3D}.Release|Any CPU.Build.0 = Release|Any CPU
	EndGlobalSection
	GlobalSection(SolutionProperties) = preSolution
		HideSolutionNode = FALSE
	EndGlobalSection
	GlobalSection(ExtensibilityGlobals) = postSolution
		SolutionGuid = {554F9AAE-2954-43BF-B084-175F30F19A35}
	EndGlobalSection
EndGlobal
